
Microsoft Visual Studio Solution File, Format Version 12.00
# Visual Studio 2013
VisualStudioVersion = 12.0.30723.0
MinimumVisualStudioVersion = 10.0.40219.1
Project("{FAE04EC0-301F-11D3-BF4B-00C04F79EFBC}") = "PrettyPrintNet.Net35", "PrettyPrintNet\PrettyPrintNet.Net35.csproj", "{0110E874-85CC-4571-BE75-91E053C4CA81}"
EndProject
Project("{FAE04EC0-301F-11D3-BF4B-00C04F79EFBC}") = "PrettyPrintNet.Tests", "..\Tests\PrettyPrintNet.Tests\PrettyPrintNet.Tests.csproj", "{7E386E6A-3ED8-4002-864B-4165BE85BA6E}"
EndProject
Project("{FAE04EC0-301F-11D3-BF4B-00C04F79EFBC}") = "PrettyPrintNet.Portable40", "PrettyPrintNet\PrettyPrintNet.Portable40.csproj", "{52C647A6-A05A-4CBD-A18A-9F1D260800F8}"
EndProject
Project("{FAE04EC0-301F-11D3-BF4B-00C04F79EFBC}") = "PrettyPrintNet.Portable45", "PrettyPrintNet\PrettyPrintNet.Portable45.csproj", "{AF0E34C1-A975-4DB3-B10A-F44E2292940A}"
EndProject
Global
	GlobalSection(SolutionConfigurationPlatforms) = preSolution
		Debug|Any CPU = Debug|Any CPU
		Debug|ARM = Debug|ARM
		Debug|x64 = Debug|x64
		Debug|x86 = Debug|x86
		Release|Any CPU = Release|Any CPU
		Release|ARM = Release|ARM
		Release|x64 = Release|x64
		Release|x86 = Release|x86
	EndGlobalSection
	GlobalSection(ProjectConfigurationPlatforms) = postSolution
		{0110E874-85CC-4571-BE75-91E053C4CA81}.Debug|Any CPU.ActiveCfg = Debug|Any CPU
		{0110E874-85CC-4571-BE75-91E053C4CA81}.Debug|Any CPU.Build.0 = Debug|Any CPU
		{0110E874-85CC-4571-BE75-91E053C4CA81}.Debug|ARM.ActiveCfg = Debug|Any CPU
		{0110E874-85CC-4571-BE75-91E053C4CA81}.Debug|x64.ActiveCfg = Debug|Any CPU
		{0110E874-85CC-4571-BE75-91E053C4CA81}.Debug|x86.ActiveCfg = Debug|Any CPU
		{0110E874-85CC-4571-BE75-91E053C4CA81}.Release|Any CPU.ActiveCfg = Release|Any CPU
		{0110E874-85CC-4571-BE75-91E053C4CA81}.Release|Any CPU.Build.0 = Release|Any CPU
		{0110E874-85CC-4571-BE75-91E053C4CA81}.Release|ARM.ActiveCfg = Release|Any CPU
		{0110E874-85CC-4571-BE75-91E053C4CA81}.Release|x64.ActiveCfg = Release|Any CPU
		{0110E874-85CC-4571-BE75-91E053C4CA81}.Release|x86.ActiveCfg = Release|Any CPU
		{7E386E6A-3ED8-4002-864B-4165BE85BA6E}.Debug|Any CPU.ActiveCfg = Debug|Any CPU
		{7E386E6A-3ED8-4002-864B-4165BE85BA6E}.Debug|Any CPU.Build.0 = Debug|Any CPU
		{7E386E6A-3ED8-4002-864B-4165BE85BA6E}.Debug|ARM.ActiveCfg = Debug|Any CPU
		{7E386E6A-3ED8-4002-864B-4165BE85BA6E}.Debug|x64.ActiveCfg = Debug|Any CPU
		{7E386E6A-3ED8-4002-864B-4165BE85BA6E}.Debug|x86.ActiveCfg = Debug|Any CPU
		{7E386E6A-3ED8-4002-864B-4165BE85BA6E}.Release|Any CPU.ActiveCfg = Release|Any CPU
		{7E386E6A-3ED8-4002-864B-4165BE85BA6E}.Release|Any CPU.Build.0 = Release|Any CPU
		{7E386E6A-3ED8-4002-864B-4165BE85BA6E}.Release|ARM.ActiveCfg = Release|Any CPU
		{7E386E6A-3ED8-4002-864B-4165BE85BA6E}.Release|x64.ActiveCfg = Release|Any CPU
		{7E386E6A-3ED8-4002-864B-4165BE85BA6E}.Release|x86.ActiveCfg = Release|Any CPU
		{52C647A6-A05A-4CBD-A18A-9F1D260800F8}.Debug|Any CPU.ActiveCfg = Debug|Any CPU
		{52C647A6-A05A-4CBD-A18A-9F1D260800F8}.Debug|Any CPU.Build.0 = Debug|Any CPU
		{52C647A6-A05A-4CBD-A18A-9F1D260800F8}.Debug|ARM.ActiveCfg = Debug|Any CPU
		{52C647A6-A05A-4CBD-A18A-9F1D260800F8}.Debug|x64.ActiveCfg = Debug|Any CPU
		{52C647A6-A05A-4CBD-A18A-9F1D260800F8}.Debug|x86.ActiveCfg = Debug|Any CPU
		{52C647A6-A05A-4CBD-A18A-9F1D260800F8}.Release|Any CPU.ActiveCfg = Release|Any CPU
		{52C647A6-A05A-4CBD-A18A-9F1D260800F8}.Release|Any CPU.Build.0 = Release|Any CPU
		{52C647A6-A05A-4CBD-A18A-9F1D260800F8}.Release|ARM.ActiveCfg = Release|Any CPU
		{52C647A6-A05A-4CBD-A18A-9F1D260800F8}.Release|x64.ActiveCfg = Release|Any CPU
		{52C647A6-A05A-4CBD-A18A-9F1D260800F8}.Release|x86.ActiveCfg = Release|Any CPU
		{AF0E34C1-A975-4DB3-B10A-F44E2292940A}.Debug|Any CPU.ActiveCfg = Debug|Any CPU
		{AF0E34C1-A975-4DB3-B10A-F44E2292940A}.Debug|Any CPU.Build.0 = Debug|Any CPU
		{AF0E34C1-A975-4DB3-B10A-F44E2292940A}.Debug|ARM.ActiveCfg = Debug|Any CPU
		{AF0E34C1-A975-4DB3-B10A-F44E2292940A}.Debug|x64.ActiveCfg = Debug|Any CPU
		{AF0E34C1-A975-4DB3-B10A-F44E2292940A}.Debug|x86.ActiveCfg = Debug|Any CPU
		{AF0E34C1-A975-4DB3-B10A-F44E2292940A}.Release|Any CPU.ActiveCfg = Release|Any CPU
		{AF0E34C1-A975-4DB3-B10A-F44E2292940A}.Release|Any CPU.Build.0 = Release|Any CPU
		{AF0E34C1-A975-4DB3-B10A-F44E2292940A}.Release|ARM.ActiveCfg = Release|Any CPU
		{AF0E34C1-A975-4DB3-B10A-F44E2292940A}.Release|x64.ActiveCfg = Release|Any CPU
		{AF0E34C1-A975-4DB3-B10A-F44E2292940A}.Release|x86.ActiveCfg = Release|Any CPU
	EndGlobalSection
	GlobalSection(SolutionProperties) = preSolution
		HideSolutionNode = FALSE
	EndGlobalSection
EndGlobal
